
Microsoft Visual Studio Solution File, Format Version 12.00
# Visual Studio 15
Project("{FAE04EC0-301F-11D3-BF4B-00C04F79EFBC}") = "CodingProblems", "CodingProblems.csproj", "{192616DB-EB1F-4768-9DF7-FE1C79ACB48C}"
EndProject
Project("{FAE04EC0-301F-11D3-BF4B-00C04F79EFBC}") = "CodingProblems.Tests", "..\CodingProblems.Tests\CodingProblems.Tests.csproj", "{A57D04C6-9A6F-4DA4-B5A9-149DF1981339}"
EndProject
Global
	GlobalSection(SolutionConfigurationPlatforms) = preSolution
		Debug|Any CPU = Debug|Any CPU
		Release|Any CPU = Release|Any CPU
	EndGlobalSection
	GlobalSection(ProjectConfigurationPlatforms) = postSolution
		{192616DB-EB1F-4768-9DF7-FE1C79ACB48C}.Debug|Any CPU.ActiveCfg = Debug|Any CPU
		{192616DB-EB1F-4768-9DF7-FE1C79ACB48C}.Debug|Any CPU.Build.0 = Debug|Any CPU
		{192616DB-EB1F-4768-9DF7-FE1C79ACB48C}.Release|Any CPU.ActiveCfg = Release|Any CPU
		{192616DB-EB1F-4768-9DF7-FE1C79ACB48C}.Release|Any CPU.Build.0 = Release|Any CPU
		{A57D04C6-9A6F-4DA4-B5A9-149DF1981339}.Debug|Any CPU.ActiveCfg = Debug|Any CPU
		{A57D04C6-9A6F-4DA4-B5A9-149DF1981339}.Debug|Any CPU.Build.0 = Debug|Any CPU
		{A57D04C6-9A6F-4DA4-B5A9-149DF1981339}.Release|Any CPU.ActiveCfg = Release|Any CPU
		{A57D04C6-9A6F-4DA4-B5A9-149DF1981339}.Release|Any CPU.Build.0 = Release|Any CPU
	EndGlobalSection
	GlobalSection(MonoDevelopProperties) = preSolution
		BaseDirectory = ..
	EndGlobalSection
EndGlobal
