
Microsoft Visual Studio Solution File, Format Version 12.00
# Visual Studio 15
Project("{FAE04EC0-301F-11D3-BF4B-00C04F79EFBC}") = "CodingProblems", "CodingProblems\CodingProblems.csproj", "{FD226B5C-9A47-4A57-B707-6E0FD092D84B}"
EndProject
Project("{FAE04EC0-301F-11D3-BF4B-00C04F79EFBC}") = "CodingProblems.Tests", "CodingProblems.Tests\CodingProblems.Tests.csproj", "{98CFF579-A711-4FCC-A523-D6B558FE0D8D}"
EndProject
Global
	GlobalSection(SolutionConfigurationPlatforms) = preSolution
		Debug|Any CPU = Debug|Any CPU
		Release|Any CPU = Release|Any CPU
	EndGlobalSection
	GlobalSection(ProjectConfigurationPlatforms) = postSolution
		{FD226B5C-9A47-4A57-B707-6E0FD092D84B}.Debug|Any CPU.ActiveCfg = Debug|Any CPU
		{FD226B5C-9A47-4A57-B707-6E0FD092D84B}.Debug|Any CPU.Build.0 = Debug|Any CPU
		{FD226B5C-9A47-4A57-B707-6E0FD092D84B}.Release|Any CPU.ActiveCfg = Release|Any CPU
		{FD226B5C-9A47-4A57-B707-6E0FD092D84B}.Release|Any CPU.Build.0 = Release|Any CPU
		{98CFF579-A711-4FCC-A523-D6B558FE0D8D}.Debug|Any CPU.ActiveCfg = Debug|Any CPU
		{98CFF579-A711-4FCC-A523-D6B558FE0D8D}.Debug|Any CPU.Build.0 = Debug|Any CPU
		{98CFF579-A711-4FCC-A523-D6B558FE0D8D}.Release|Any CPU.ActiveCfg = Release|Any CPU
		{98CFF579-A711-4FCC-A523-D6B558FE0D8D}.Release|Any CPU.Build.0 = Release|Any CPU
	EndGlobalSection
EndGlobal
